
Microsoft Visual Studio Solution File, Format Version 12.00
# Visual Studio Version 17
VisualStudioVersion = 17.7.34202.233
MinimumVisualStudioVersion = 10.0.40219.1
Project("{FAE04EC0-301F-11D3-BF4B-00C04F79EFBC}") = "Enumeracao", "Enumeracao\Enumeracao.csproj", "{768432DE-AF2F-430A-9B31-B59103465C3C}"
EndProject
Global
	GlobalSection(SolutionConfigurationPlatforms) = preSolution
		Debug|Any CPU = Debug|Any CPU
		Release|Any CPU = Release|Any CPU
	EndGlobalSection
	GlobalSection(ProjectConfigurationPlatforms) = postSolution
		{768432DE-AF2F-430A-9B31-B59103465C3C}.Debug|Any CPU.ActiveCfg = Debug|Any CPU
		{768432DE-AF2F-430A-9B31-B59103465C3C}.Debug|Any CPU.Build.0 = Debug|Any CPU
		{768432DE-AF2F-430A-9B31-B59103465C3C}.Release|Any CPU.ActiveCfg = Release|Any CPU
		{768432DE-AF2F-430A-9B31-B59103465C3C}.Release|Any CPU.Build.0 = Release|Any CPU
	EndGlobalSection
	GlobalSection(SolutionProperties) = preSolution
		HideSolutionNode = FALSE
	EndGlobalSection
	GlobalSection(ExtensibilityGlobals) = postSolution
		SolutionGuid = {DEDFA909-8C2D-4E41-84F3-AC50C0BB79AE}
	EndGlobalSection
EndGlobal
