
Microsoft Visual Studio Solution File, Format Version 12.00
# Visual Studio Version 17
VisualStudioVersion = 17.5.33516.290
MinimumVisualStudioVersion = 10.0.40219.1
Project("{FAE04EC0-301F-11D3-BF4B-00C04F79EFBC}") = "Ex_5atv", "Ex_5atv\Ex_5atv.csproj", "{DD786C35-BF25-41E3-94D2-D4140DF32C5D}"
EndProject
Global
	GlobalSection(SolutionConfigurationPlatforms) = preSolution
		Debug|Any CPU = Debug|Any CPU
		Release|Any CPU = Release|Any CPU
	EndGlobalSection
	GlobalSection(ProjectConfigurationPlatforms) = postSolution
		{DD786C35-BF25-41E3-94D2-D4140DF32C5D}.Debug|Any CPU.ActiveCfg = Debug|Any CPU
		{DD786C35-BF25-41E3-94D2-D4140DF32C5D}.Debug|Any CPU.Build.0 = Debug|Any CPU
		{DD786C35-BF25-41E3-94D2-D4140DF32C5D}.Release|Any CPU.ActiveCfg = Release|Any CPU
		{DD786C35-BF25-41E3-94D2-D4140DF32C5D}.Release|Any CPU.Build.0 = Release|Any CPU
	EndGlobalSection
	GlobalSection(SolutionProperties) = preSolution
		HideSolutionNode = FALSE
	EndGlobalSection
	GlobalSection(ExtensibilityGlobals) = postSolution
		SolutionGuid = {CD386EE9-9823-4514-BD15-600C78D76674}
	EndGlobalSection
EndGlobal
