
Microsoft Visual Studio Solution File, Format Version 12.00
# Visual Studio Version 17
VisualStudioVersion = 17.7.34202.233
MinimumVisualStudioVersion = 10.0.40219.1
Project("{FAE04EC0-301F-11D3-BF4B-00C04F79EFBC}") = "Percent_Distri", "Percent_Distri\Percent_Distri.csproj", "{372F9946-8000-41AB-A65A-5672D29123C3}"
EndProject
Global
	GlobalSection(SolutionConfigurationPlatforms) = preSolution
		Debug|Any CPU = Debug|Any CPU
		Release|Any CPU = Release|Any CPU
	EndGlobalSection
	GlobalSection(ProjectConfigurationPlatforms) = postSolution
		{372F9946-8000-41AB-A65A-5672D29123C3}.Debug|Any CPU.ActiveCfg = Debug|Any CPU
		{372F9946-8000-41AB-A65A-5672D29123C3}.Debug|Any CPU.Build.0 = Debug|Any CPU
		{372F9946-8000-41AB-A65A-5672D29123C3}.Release|Any CPU.ActiveCfg = Release|Any CPU
		{372F9946-8000-41AB-A65A-5672D29123C3}.Release|Any CPU.Build.0 = Release|Any CPU
	EndGlobalSection
	GlobalSection(SolutionProperties) = preSolution
		HideSolutionNode = FALSE
	EndGlobalSection
	GlobalSection(ExtensibilityGlobals) = postSolution
		SolutionGuid = {C0B4F79E-4D5F-411B-AC06-5D00DFD3655A}
	EndGlobalSection
EndGlobal
