
Microsoft Visual Studio Solution File, Format Version 12.00
# Visual Studio Version 17
VisualStudioVersion = 17.7.34202.233
MinimumVisualStudioVersion = 10.0.40219.1
Project("{FAE04EC0-301F-11D3-BF4B-00C04F79EFBC}") = "Sum", "Sum\Sum.csproj", "{F85938E3-8FC9-41F3-96D2-2330ECC47BD5}"
EndProject
Global
	GlobalSection(SolutionConfigurationPlatforms) = preSolution
		Debug|Any CPU = Debug|Any CPU
		Release|Any CPU = Release|Any CPU
	EndGlobalSection
	GlobalSection(ProjectConfigurationPlatforms) = postSolution
		{F85938E3-8FC9-41F3-96D2-2330ECC47BD5}.Debug|Any CPU.ActiveCfg = Debug|Any CPU
		{F85938E3-8FC9-41F3-96D2-2330ECC47BD5}.Debug|Any CPU.Build.0 = Debug|Any CPU
		{F85938E3-8FC9-41F3-96D2-2330ECC47BD5}.Release|Any CPU.ActiveCfg = Release|Any CPU
		{F85938E3-8FC9-41F3-96D2-2330ECC47BD5}.Release|Any CPU.Build.0 = Release|Any CPU
	EndGlobalSection
	GlobalSection(SolutionProperties) = preSolution
		HideSolutionNode = FALSE
	EndGlobalSection
	GlobalSection(ExtensibilityGlobals) = postSolution
		SolutionGuid = {D97D4B16-395F-4A65-B01D-5D78838D515D}
	EndGlobalSection
EndGlobal
