
Microsoft Visual Studio Solution File, Format Version 12.00
# Visual Studio Version 17
VisualStudioVersion = 17.7.34202.233
MinimumVisualStudioVersion = 10.0.40219.1
Project("{FAE04EC0-301F-11D3-BF4B-00C04F79EFBC}") = "Extensoes", "Extensoes\Extensoes.csproj", "{87443702-1EDA-496A-95D8-457820341DC7}"
EndProject
Global
	GlobalSection(SolutionConfigurationPlatforms) = preSolution
		Debug|Any CPU = Debug|Any CPU
		Release|Any CPU = Release|Any CPU
	EndGlobalSection
	GlobalSection(ProjectConfigurationPlatforms) = postSolution
		{87443702-1EDA-496A-95D8-457820341DC7}.Debug|Any CPU.ActiveCfg = Debug|Any CPU
		{87443702-1EDA-496A-95D8-457820341DC7}.Debug|Any CPU.Build.0 = Debug|Any CPU
		{87443702-1EDA-496A-95D8-457820341DC7}.Release|Any CPU.ActiveCfg = Release|Any CPU
		{87443702-1EDA-496A-95D8-457820341DC7}.Release|Any CPU.Build.0 = Release|Any CPU
	EndGlobalSection
	GlobalSection(SolutionProperties) = preSolution
		HideSolutionNode = FALSE
	EndGlobalSection
	GlobalSection(ExtensibilityGlobals) = postSolution
		SolutionGuid = {A5C45FE9-9FB8-4495-A4FF-D7CD0DC1A188}
	EndGlobalSection
EndGlobal
